
Microsoft Visual Studio Solution File, Format Version 12.00
# Visual Studio Version 17
VisualStudioVersion = 17.10.35122.118
MinimumVisualStudioVersion = 10.0.40219.1
Project("{FAE04EC0-301F-11D3-BF4B-00C04F79EFBC}") = "CafeteriaArteyCafe", "CafeteriaArteyCafe.csproj", "{541DF69D-5ECE-4808-A4F2-A33888FAEDAE}"
EndProject
Global
	GlobalSection(SolutionConfigurationPlatforms) = preSolution
		Debug|Any CPU = Debug|Any CPU
		Release|Any CPU = Release|Any CPU
	EndGlobalSection
	GlobalSection(ProjectConfigurationPlatforms) = postSolution
		{541DF69D-5ECE-4808-A4F2-A33888FAEDAE}.Debug|Any CPU.ActiveCfg = Debug|Any CPU
		{541DF69D-5ECE-4808-A4F2-A33888FAEDAE}.Debug|Any CPU.Build.0 = Debug|Any CPU
		{541DF69D-5ECE-4808-A4F2-A33888FAEDAE}.Release|Any CPU.ActiveCfg = Release|Any CPU
		{541DF69D-5ECE-4808-A4F2-A33888FAEDAE}.Release|Any CPU.Build.0 = Release|Any CPU
	EndGlobalSection
	GlobalSection(SolutionProperties) = preSolution
		HideSolutionNode = FALSE
	EndGlobalSection
	GlobalSection(ExtensibilityGlobals) = postSolution
		SolutionGuid = {6AD670A9-3841-4D6C-BE6A-7CBD9AD278E1}
	EndGlobalSection
EndGlobal
